
Microsoft Visual Studio Solution File, Format Version 12.00
# Visual Studio Version 16
VisualStudioVersion = 16.0.31702.278
MinimumVisualStudioVersion = 10.0.40219.1
Project("{FAE04EC0-301F-11D3-BF4B-00C04F79EFBC}") = "ZXingDemo", "ZXingDemo\ZXingDemo.csproj", "{66502CC5-00C7-472E-8BEB-8842C016980B}"
EndProject
Global
	GlobalSection(SolutionConfigurationPlatforms) = preSolution
		Debug|Any CPU = Debug|Any CPU
		Release|Any CPU = Release|Any CPU
	EndGlobalSection
	GlobalSection(ProjectConfigurationPlatforms) = postSolution
		{66502CC5-00C7-472E-8BEB-8842C016980B}.Debug|Any CPU.ActiveCfg = Debug|Any CPU
		{66502CC5-00C7-472E-8BEB-8842C016980B}.Debug|Any CPU.Build.0 = Debug|Any CPU
		{66502CC5-00C7-472E-8BEB-8842C016980B}.Release|Any CPU.ActiveCfg = Release|Any CPU
		{66502CC5-00C7-472E-8BEB-8842C016980B}.Release|Any CPU.Build.0 = Release|Any CPU
	EndGlobalSection
	GlobalSection(SolutionProperties) = preSolution
		HideSolutionNode = FALSE
	EndGlobalSection
	GlobalSection(ExtensibilityGlobals) = postSolution
		SolutionGuid = {B3212560-B356-415B-ACFD-7C9F135EC56F}
	EndGlobalSection
EndGlobal
